# THIS IS AN AUTOGENERATED FILE. DO NOT EDIT THIS FILE DIRECTLY.
# yarn lockfile v1


eslint-plugin-header@^3.1.1:
  version "3.1.1"
  resolved "https://registry.yarnpkg.com/eslint-plugin-header/-/eslint-plugin-header-3.1.1.tgz#6ce512432d57675265fac47292b50d1eff11acd6"
  integrity sha512-9vlKxuJ4qf793CmeeSrZUvVClw6amtpghq3CuWcB5cUNnWHQhgcqy5eF8oVKFk1G3Y/CbchGfEaw3wiIJaNmVg==

react-gtm-module@2.0.11:
  version "2.0.11"
  resolved "https://registry.yarnpkg.com/react-gtm-module/-/react-gtm-module-2.0.11.tgz#14484dac8257acd93614e347c32da9c5ac524206"
  integrity sha512-8gyj4TTxeP7eEyc2QKawEuQoAZdjKvMY4pgWfycGmqGByhs17fR+zEBs0JUDq4US/l+vbTl+6zvUIx27iDo/Vw==
